{
  "name": "universal-chat-service",
  "version": "1.0.0",
  "lockfileVersion": 3,
  "requires": true,
  "packages": {
    "": {
      "name": "universal-chat-service",
      "version": "1.0.0",
      "dependencies": {
        "@ai-sdk/openai-compatible": "^2.0.30",
        "@hono/node-server": "^1.19.9",
        "ai": "^6.0.97",
        "hono": "^4.12.1",
        "redis": "^5.11.0"
      }
    },
    "node_modules/@ai-sdk/gateway": {
      "version": "3.0.53",
      "resolved": "https://registry.npmjs.org/@ai-sdk/gateway/-/gateway-3.0.53.tgz",
      "integrity": "sha512-QT3FEoNARMRlk8JJVR7L98exiK9C8AGfrEJVbRxBT1yIXKs/N19o/+PsjTRVsARgDJNcy9JbJp1FspKucEat0Q==",
      "license": "Apache-2.0",
      "dependencies": {
        "@ai-sdk/provider": "3.0.8",
        "@ai-sdk/provider-utils": "4.0.15",
        "@vercel/oidc": "3.1.0"
      },
      "engines": {
        "node": ">=18"
      },
      "peerDependencies": {
        "zod": "^3.25.76 || ^4.1.8"
      }
    },
    "node_modules/@ai-sdk/openai-compatible": {
      "version": "2.0.30",
      "resolved": "https://registry.npmjs.org/@ai-sdk/openai-compatible/-/openai-compatible-2.0.30.tgz",
      "integrity": "sha512-iTjumHf1/u4NhjXYFn/aONM2GId3/o7J1Lp5ql8FCbgIMyRwrmanR5xy1S3aaVkfTscuDvLTzWiy1mAbGzK3nQ==",
      "license": "Apache-2.0",
      "dependencies": {
        "@ai-sdk/provider": "3.0.8",
        "@ai-sdk/provider-utils": "4.0.15"
      },
      "engines": {
        "node": ">=18"
      },
      "peerDependencies": {
        "zod": "^3.25.76 || ^4.1.8"
      }
    },
    "node_modules/@ai-sdk/provider": {
      "version": "3.0.8",
      "resolved": "https://registry.npmjs.org/@ai-sdk/provider/-/provider-3.0.8.tgz",
      "integrity": "sha512-oGMAgGoQdBXbZqNG0Ze56CHjDZ1IDYOwGYxYjO5KLSlz5HiNQ9udIXsPZ61VWaHGZ5XW/jyjmr6t2xz2jGVwbQ==",
      "license": "Apache-2.0",
      "dependencies": {
        "json-schema": "^0.4.0"
      },
      "engines": {
        "node": ">=18"
      }
    },
    "node_modules/@ai-sdk/provider-utils": {
      "version": "4.0.15",
      "resolved": "https://registry.npmjs.org/@ai-sdk/provider-utils/-/provider-utils-4.0.15.tgz",
      "integrity": "sha512-8XiKWbemmCbvNN0CLR9u3PQiet4gtEVIrX4zzLxnCj06AwsEDJwJVBbKrEI4t6qE8XRSIvU2irka0dcpziKW6w==",
      "license": "Apache-2.0",
      "dependencies": {
        "@ai-sdk/provider": "3.0.8",
        "@standard-schema/spec": "^1.1.0",
        "eventsource-parser": "^3.0.6"
      },
      "engines": {
        "node": ">=18"
      },
      "peerDependencies": {
        "zod": "^3.25.76 || ^4.1.8"
      }
    },
    "node_modules/@hono/node-server": {
      "version": "1.19.9",
      "resolved": "https://registry.npmjs.org/@hono/node-server/-/node-server-1.19.9.tgz",
      "integrity": "sha512-vHL6w3ecZsky+8P5MD+eFfaGTyCeOHUIFYMGpQGbrBTSmNNoxv0if69rEZ5giu36weC5saFuznL411gRX7bJDw==",
      "license": "MIT",
      "engines": {
        "node": ">=18.14.1"
      },
      "peerDependencies": {
        "hono": "^4"
      }
    },
    "node_modules/@opentelemetry/api": {
      "version": "1.9.0",
      "resolved": "https://registry.npmjs.org/@opentelemetry/api/-/api-1.9.0.tgz",
      "integrity": "sha512-3giAOQvZiH5F9bMlMiv8+GSPMeqg0dbaeo58/0SlA9sxSqZhnUtxzX9/2FzyhS9sWQf5S0GJE0AKBrFqjpeYcg==",
      "license": "Apache-2.0",
      "engines": {
        "node": ">=8.0.0"
      }
    },
    "node_modules/@redis/bloom": {
      "version": "5.11.0",
      "resolved": "https://registry.npmjs.org/@redis/bloom/-/bloom-5.11.0.tgz",
      "integrity": "sha512-KYiVilAhAFN3057afUb/tfYJpsEyTkQB+tQcn5gVVA7DgcNOAj8lLxe4j8ov8BF6I9C1Fe/kwlbuAICcTMX8Lw==",
      "license": "MIT",
      "engines": {
        "node": ">= 18"
      },
      "peerDependencies": {
        "@redis/client": "^5.11.0"
      }
    },
    "node_modules/@redis/client": {
      "version": "5.11.0",
      "resolved": "https://registry.npmjs.org/@redis/client/-/client-5.11.0.tgz",
      "integrity": "sha512-GHoprlNQD51Xq2Ztd94HHV94MdFZQ3CVrpA04Fz8MVoHM0B7SlbmPEVIjwTbcv58z8QyjnrOuikS0rWF03k5dQ==",
      "license": "MIT",
      "dependencies": {
        "cluster-key-slot": "1.1.2"
      },
      "engines": {
        "node": ">= 18"
      },
      "peerDependencies": {
        "@node-rs/xxhash": "^1.1.0"
      },
      "peerDependenciesMeta": {
        "@node-rs/xxhash": {
          "optional": true
        }
      }
    },
    "node_modules/@redis/json": {
      "version": "5.11.0",
      "resolved": "https://registry.npmjs.org/@redis/json/-/json-5.11.0.tgz",
      "integrity": "sha512-1iAy9kAtcD0quB21RbPTbUqqy+T2Uu2JxucwE+B4A+VaDbIRvpZR6DMqV8Iqaws2YxJYB3GC5JVNzPYio2ErUg==",
      "license": "MIT",
      "engines": {
        "node": ">= 18"
      },
      "peerDependencies": {
        "@redis/client": "^5.11.0"
      }
    },
    "node_modules/@redis/search": {
      "version": "5.11.0",
      "resolved": "https://registry.npmjs.org/@redis/search/-/search-5.11.0.tgz",
      "integrity": "sha512-g1l7f3Rnyk/xI99oGHIgWHSKFl45Re5YTIcO8j/JE8olz389yUFyz2+A6nqVy/Zi031VgPDWscbbgOk8hlhZ3g==",
      "license": "MIT",
      "engines": {
        "node": ">= 18"
      },
      "peerDependencies": {
        "@redis/client": "^5.11.0"
      }
    },
    "node_modules/@redis/time-series": {
      "version": "5.11.0",
      "resolved": "https://registry.npmjs.org/@redis/time-series/-/time-series-5.11.0.tgz",
      "integrity": "sha512-TWFeOcU4xkj0DkndnOyhtxvX1KWD+78UHT3XX3x3XRBUGWeQrKo3jqzDsZwxbggUgf9yLJr/akFHXru66X5UQA==",
      "license": "MIT",
      "engines": {
        "node": ">= 18"
      },
      "peerDependencies": {
        "@redis/client": "^5.11.0"
      }
    },
    "node_modules/@standard-schema/spec": {
      "version": "1.1.0",
      "resolved": "https://registry.npmjs.org/@standard-schema/spec/-/spec-1.1.0.tgz",
      "integrity": "sha512-l2aFy5jALhniG5HgqrD6jXLi/rUWrKvqN/qJx6yoJsgKhblVd+iqqU4RCXavm/jPityDo5TCvKMnpjKnOriy0w==",
      "license": "MIT"
    },
    "node_modules/@vercel/oidc": {
      "version": "3.1.0",
      "resolved": "https://registry.npmjs.org/@vercel/oidc/-/oidc-3.1.0.tgz",
      "integrity": "sha512-Fw28YZpRnA3cAHHDlkt7xQHiJ0fcL+NRcIqsocZQUSmbzeIKRpwttJjik5ZGanXP+vlA4SbTg+AbA3bP363l+w==",
      "license": "Apache-2.0",
      "engines": {
        "node": ">= 20"
      }
    },
    "node_modules/ai": {
      "version": "6.0.97",
      "resolved": "https://registry.npmjs.org/ai/-/ai-6.0.97.tgz",
      "integrity": "sha512-eZIAcBymwGhBwncRH/v9pillZNMeRCDkc4BwcvwXerXd7sxjVxRis3ZNCNCpP02pVH4NLs81ljm4cElC4vbNcQ==",
      "license": "Apache-2.0",
      "dependencies": {
        "@ai-sdk/gateway": "3.0.53",
        "@ai-sdk/provider": "3.0.8",
        "@ai-sdk/provider-utils": "4.0.15",
        "@opentelemetry/api": "1.9.0"
      },
      "engines": {
        "node": ">=18"
      },
      "peerDependencies": {
        "zod": "^3.25.76 || ^4.1.8"
      }
    },
    "node_modules/cluster-key-slot": {
      "version": "1.1.2",
      "resolved": "https://registry.npmjs.org/cluster-key-slot/-/cluster-key-slot-1.1.2.tgz",
      "integrity": "sha512-RMr0FhtfXemyinomL4hrWcYJxmX6deFdCxpJzhDttxgO1+bcCnkk+9drydLVDmAMG7NE6aN/fl4F7ucU/90gAA==",
      "license": "Apache-2.0",
      "engines": {
        "node": ">=0.10.0"
      }
    },
    "node_modules/eventsource-parser": {
      "version": "3.0.6",
      "resolved": "https://registry.npmjs.org/eventsource-parser/-/eventsource-parser-3.0.6.tgz",
      "integrity": "sha512-Vo1ab+QXPzZ4tCa8SwIHJFaSzy4R6SHf7BY79rFBDf0idraZWAkYrDjDj8uWaSm3S2TK+hJ7/t1CEmZ7jXw+pg==",
      "license": "MIT",
      "engines": {
        "node": ">=18.0.0"
      }
    },
    "node_modules/hono": {
      "version": "4.12.1",
      "resolved": "https://registry.npmjs.org/hono/-/hono-4.12.1.tgz",
      "integrity": "sha512-hi9afu8g0lfJVLolxElAZGANCTTl6bewIdsRNhaywfP9K8BPf++F2z6OLrYGIinUwpRKzbZHMhPwvc0ZEpAwGw==",
      "license": "MIT",
      "engines": {
        "node": ">=16.9.0"
      }
    },
    "node_modules/json-schema": {
      "version": "0.4.0",
      "resolved": "https://registry.npmjs.org/json-schema/-/json-schema-0.4.0.tgz",
      "integrity": "sha512-es94M3nTIfsEPisRafak+HDLfHXnKBhV3vU5eqPcS3flIWqcxJWgXHXiey3YrpaNsanY5ei1VoYEbOzijuq9BA==",
      "license": "(AFL-2.1 OR BSD-3-Clause)"
    },
    "node_modules/redis": {
      "version": "5.11.0",
      "resolved": "https://registry.npmjs.org/redis/-/redis-5.11.0.tgz",
      "integrity": "sha512-YwXjATVDT+AuxcyfOwZn046aml9jMlQPvU1VXIlLDVAExe0u93aTfPYSeRgG4p9Q/Jlkj+LXJ1XEoFV+j2JKcQ==",
      "license": "MIT",
      "dependencies": {
        "@redis/bloom": "5.11.0",
        "@redis/client": "5.11.0",
        "@redis/json": "5.11.0",
        "@redis/search": "5.11.0",
        "@redis/time-series": "5.11.0"
      },
      "engines": {
        "node": ">= 18"
      }
    },
    "node_modules/zod": {
      "version": "4.3.6",
      "resolved": "https://registry.npmjs.org/zod/-/zod-4.3.6.tgz",
      "integrity": "sha512-rftlrkhHZOcjDwkGlnUtZZkvaPHCsDATp4pGpuOOMDaTdDDXF91wuVDJoWoPsKX/3YPQ5fHuF3STjcYyKr+Qhg==",
      "license": "MIT",
      "peer": true,
      "funding": {
        "url": "https://github.com/sponsors/colinhacks"
      }
    }
  }
}
